{
    "name": "deploy",
    "version": "1.0.0",
    "lockfileVersion": 3,
    "requires": true,
    "packages": {
        "": {
            "name": "deploy",
            "version": "1.0.0",
            "license": "ISC",
            "dependencies": {
                "dotenv": "^16.4.5"
            },
            "devDependencies": {
                "@types/node": "^22.0.0",
                "@types/web3": "^1.0.20",
                "typescript": "^5.5.4"
            }
        },
        "node_modules/@types/bn.js": {
            "version": "5.1.5",
            "resolved": "https://registry.npmjs.org/@types/bn.js/-/bn.js-5.1.5.tgz",
            "integrity": "sha512-V46N0zwKRF5Q00AZ6hWtN0T8gGmDUaUzLWQvHFo5yThtVwK/VCenFY3wXVbOvNfajEpsTfQM4IN9k/d6gUVX3A==",
            "dev": true,
            "license": "MIT",
            "dependencies": {
                "@types/node": "*"
            }
        },
        "node_modules/@types/node": {
            "version": "22.0.0",
            "resolved": "https://registry.npmjs.org/@types/node/-/node-22.0.0.tgz",
            "integrity": "sha512-VT7KSYudcPOzP5Q0wfbowyNLaVR8QWUdw+088uFWwfvpY6uCWaXpqV6ieLAu9WBcnTa7H4Z5RLK8I5t2FuOcqw==",
            "dev": true,
            "license": "MIT",
            "dependencies": {
                "undici-types": "~6.11.1"
            }
        },
        "node_modules/@types/underscore": {
            "version": "1.11.15",
            "resolved": "https://registry.npmjs.org/@types/underscore/-/underscore-1.11.15.tgz",
            "integrity": "sha512-HP38xE+GuWGlbSRq9WrZkousaQ7dragtZCruBVMi0oX1migFZavZ3OROKHSkNp/9ouq82zrWtZpg18jFnVN96g==",
            "dev": true,
            "license": "MIT"
        },
        "node_modules/@types/web3": {
            "version": "1.0.20",
            "resolved": "https://registry.npmjs.org/@types/web3/-/web3-1.0.20.tgz",
            "integrity": "sha512-KTDlFuYjzCUlBDGt35Ir5QRtyV9klF84MMKUsEJK10sTWga/71V+8VYLT7yysjuBjaOx2uFYtIWNGoz3yrNDlg==",
            "dev": true,
            "license": "MIT",
            "dependencies": {
                "@types/bn.js": "*",
                "@types/underscore": "*"
            }
        },
        "node_modules/dotenv": {
            "version": "16.4.5",
            "resolved": "https://registry.npmjs.org/dotenv/-/dotenv-16.4.5.tgz",
            "integrity": "sha512-ZmdL2rui+eB2YwhsWzjInR8LldtZHGDoQ1ugH85ppHKwpUHL7j7rN0Ti9NCnGiQbhaZ11FpR+7ao1dNsmduNUg==",
            "license": "BSD-2-Clause",
            "engines": {
                "node": ">=12"
            },
            "funding": {
                "url": "https://dotenvx.com"
            }
        },
        "node_modules/typescript": {
            "version": "5.5.4",
            "resolved": "https://registry.npmjs.org/typescript/-/typescript-5.5.4.tgz",
            "integrity": "sha512-Mtq29sKDAEYP7aljRgtPOpTvOfbwRWlS6dPRzwjdE+C0R4brX/GUyhHSecbHMFLNBLcJIPt9nl9yG5TZ1weH+Q==",
            "dev": true,
            "license": "Apache-2.0",
            "bin": {
                "tsc": "bin/tsc",
                "tsserver": "bin/tsserver"
            },
            "engines": {
                "node": ">=14.17"
            }
        },
        "node_modules/undici-types": {
            "version": "6.11.1",
            "resolved": "https://registry.npmjs.org/undici-types/-/undici-types-6.11.1.tgz",
            "integrity": "sha512-mIDEX2ek50x0OlRgxryxsenE5XaQD4on5U2inY7RApK3SOJpofyw7uW2AyfMKkhAxXIceo2DeWGVGwyvng1GNQ==",
            "dev": true,
            "license": "MIT"
        }
    }
}
